Microsoft Visual Studio Solution File, Format Version 12.00
# Visual Studio Version 17
VisualStudioVersion = 17.5.2.0
MinimumVisualStudioVersion = 10.0.40219.1
Project("{FAE04EC0-301F-11D3-BF4B-00C04F79EFBC}") = "Vidhisha", "Vidhisha.csproj", "{C1181E02-387A-F608-B410-2C80A87A66DC}"
EndProject
Global
	GlobalSection(SolutionConfigurationPlatforms) = preSolution
		Debug|Any CPU = Debug|Any CPU
		Release|Any CPU = Release|Any CPU
	EndGlobalSection
	GlobalSection(ProjectConfigurationPlatforms) = postSolution
		{C1181E02-387A-F608-B410-2C80A87A66DC}.Debug|Any CPU.ActiveCfg = Debug|Any CPU
		{C1181E02-387A-F608-B410-2C80A87A66DC}.Debug|Any CPU.Build.0 = Debug|Any CPU
		{C1181E02-387A-F608-B410-2C80A87A66DC}.Release|Any CPU.ActiveCfg = Release|Any CPU
		{C1181E02-387A-F608-B410-2C80A87A66DC}.Release|Any CPU.Build.0 = Release|Any CPU
	EndGlobalSection
	GlobalSection(SolutionProperties) = preSolution
		HideSolutionNode = FALSE
	EndGlobalSection
	GlobalSection(ExtensibilityGlobals) = postSolution
		SolutionGuid = {E309A860-A8DD-4389-88D6-25880A28BBB9}
	EndGlobalSection
EndGlobal
